
Microsoft Visual Studio Solution File, Format Version 12.00
# Visual Studio Version 16
VisualStudioVersion = 16.0.33328.57
MinimumVisualStudioVersion = 10.0.40219.1
Project("{FAE04EC0-301F-11D3-BF4B-00C04F79EFBC}") = "MatriculaDeAluno", "MatriculaDeAluno\MatriculaDeAluno.csproj", "{8A8B7F9B-69D5-4E4A-94EC-F5440B00DAF5}"
EndProject
Project("{FAE04EC0-301F-11D3-BF4B-00C04F79EFBC}") = "PesoIdeal", "PesoIdeal\PesoIdeal.csproj", "{EB654382-37E6-44CD-A4C4-92E69FBDAFF9}"
EndProject
Project("{FAE04EC0-301F-11D3-BF4B-00C04F79EFBC}") = "ReajusteSalarial", "ReajusteSalarial\ReajusteSalarial.csproj", "{B890E2FD-5DFE-46EB-AD1F-29E05BAB3F4C}"
EndProject
Global
	GlobalSection(SolutionConfigurationPlatforms) = preSolution
		Debug|Any CPU = Debug|Any CPU
		Release|Any CPU = Release|Any CPU
	EndGlobalSection
	GlobalSection(ProjectConfigurationPlatforms) = postSolution
		{8A8B7F9B-69D5-4E4A-94EC-F5440B00DAF5}.Debug|Any CPU.ActiveCfg = Debug|Any CPU
		{8A8B7F9B-69D5-4E4A-94EC-F5440B00DAF5}.Debug|Any CPU.Build.0 = Debug|Any CPU
		{8A8B7F9B-69D5-4E4A-94EC-F5440B00DAF5}.Release|Any CPU.ActiveCfg = Release|Any CPU
		{8A8B7F9B-69D5-4E4A-94EC-F5440B00DAF5}.Release|Any CPU.Build.0 = Release|Any CPU
		{EB654382-37E6-44CD-A4C4-92E69FBDAFF9}.Debug|Any CPU.ActiveCfg = Debug|Any CPU
		{EB654382-37E6-44CD-A4C4-92E69FBDAFF9}.Debug|Any CPU.Build.0 = Debug|Any CPU
		{EB654382-37E6-44CD-A4C4-92E69FBDAFF9}.Release|Any CPU.ActiveCfg = Release|Any CPU
		{EB654382-37E6-44CD-A4C4-92E69FBDAFF9}.Release|Any CPU.Build.0 = Release|Any CPU
		{B890E2FD-5DFE-46EB-AD1F-29E05BAB3F4C}.Debug|Any CPU.ActiveCfg = Debug|Any CPU
		{B890E2FD-5DFE-46EB-AD1F-29E05BAB3F4C}.Debug|Any CPU.Build.0 = Debug|Any CPU
		{B890E2FD-5DFE-46EB-AD1F-29E05BAB3F4C}.Release|Any CPU.ActiveCfg = Release|Any CPU
		{B890E2FD-5DFE-46EB-AD1F-29E05BAB3F4C}.Release|Any CPU.Build.0 = Release|Any CPU
	EndGlobalSection
	GlobalSection(SolutionProperties) = preSolution
		HideSolutionNode = FALSE
	EndGlobalSection
	GlobalSection(ExtensibilityGlobals) = postSolution
		SolutionGuid = {31F75400-2A8C-4081-9228-B9FBB67E6EF8}
	EndGlobalSection
EndGlobal
